lockfileVersion: '9.0'

settings:
  autoInstallPeers: true
  excludeLinksFromLockfile: false

importers:

  .:
    dependencies:
      clsx:
        specifier: ^2.1.1
        version: 2.1.1
      lucide-react:
        specifier: ^1.48.0
        version: 1.48.0(react@19.3.0)
      react:
        specifier: ^19.2.8
        version: 19.3.0
      react-dom:
        specifier: ^19.2.8
        version: 19.3.0(react@19.3.0)
      react-router-dom:
        specifier: ^7.18.4
        version: 7.18.4(react-dom@19.3.0(react@19.3.0))(react@19.3.0)
    devDependencies:
      '@tailwindcss/vite':
        specifier: ^4.3.3
        version: 4.3.3(vite@8.3.1(@types/node@24.13.6)(jiti@2.7.0))
      '@types/node':
        specifier: ^24.13.3
        version: 24.13.6
      '@types/react':
        specifier: ^19.2.18
        version: 19.3.0
      '@types/react-dom':
        specifier: ^19.2.7
        version: 19.3.0(@types/react@19.3.0)
      '@vitejs/plugin-react':
        specifier: ^6.1.1
        version: 6.1.1(vite@8.3.1(@types/node@24.13.6)(jiti@2.7.0))
      oxlint:
        specifier: ^1.81.0
        version: 1.85.0
      tailwindcss:
        specifier: ^4.3.3
        version: 4.3.3
      typescript:
        specifier: ~6.0.2
        version: 6.0.3
      vite:
        specifier: ^8.3.0
        version: 8.3.1(@types/node@24.13.6)(jiti@2.7.0)
      vitest:
        specifier: ^5.0.1
        version: 5.0.1(@types/node@24.13.6)(vite@8.3.1(@types/node@24.13.6)(jiti@2.7.0))

packages:

  '@jridgewell/gen-mapping@0.3.13':
    resolution: {integrity: sha512-2kkt/7niJ6MgEPxF0bYdQ6etZaA+fQvDcLKckhy1yIQOzaoKjBBjSj63/aLVjYE3qhRt5dvM+uUyfCg6UKCBbA==}

  '@jridgewell/remapping@2.3.5':
    resolution: {integrity: sha512-LI9u/+laYG4Ds1TDKSJW2YPrIlcVYOwi2fUC6xB43lueCjgxV4lffOCZCtYFiH6TNOX+tQKXx97T4IKHbhyHEQ==}

  '@jridgewell/resolve-uri@3.1.2':
    resolution: {integrity: sha512-bRISgCIjP20/tbWSPWMEi54QVPRZExkuD9lJL+UIxUKtwVJA8wW1Trb1jMs1RFXo1CBTNZ/5hpC9QvmKWdopKw==}
    engines: {node: '>=6.0.0'}

  '@jridgewell/sourcemap-codec@1.6.0':
    resolution: {integrity: sha512-T7jf+5zgsZHwNJ4lvQ7/aezbyk0nNX+zJVWpmHA7VYsEx7a7qr5Rg5IbtJFqkgze5Y2sruq1RUY8Q837Od7iFw==}

  '@jridgewell/trace-mapping@0.3.31':
    resolution: {integrity: sha512-zzNR+SdQSDJzc8joaeP8QQoCQr8NuYx2dIIytl1QeBEZHJ9uW6hebsrYgbz8hJwUQao3TWCMtmfV8Nu1twOLAw==}

  '@oxc-project/types@0.151.0':
    resolution: {integrity: sha512-J1yXrIlNDZVzE3ada310xeAw7nH8yCAyLPuUIsjKatFPmfn5bS1oW+cM+QsGOtVWd5nhSpbwZWx/rue+r5Z+PA==}
