lockfileVersion: '9.0'

settings:
  autoInstallPeers: true
  excludeLinksFromLockfile: false

importers:

  .:
    dependencies:
      '@supabase/supabase-js':
        specifier: ^2.117.1
        version: 2.117.1
      clsx:
        specifier: ^2.1.1
        version: 2.1.1
      lucide-react:
        specifier: ^1.48.0
        version: 1.48.0(react@19.3.0)
      react:
        specifier: ^19.2.8
        version: 19.3.0
      react-dom:
        specifier: ^19.2.8
        version: 19.3.0(react@19.3.0)
    devDependencies:
      '@tailwindcss/vite':
        specifier: ^4.3.3
        version: 4.3.3(vite@8.3.1(@types/node@24.13.6)(jiti@2.7.0))
      '@types/node':
        specifier: ^24.13.3
        version: 24.13.6
      '@types/react':
        specifier: ^19.2.18
        version: 19.3.0
      '@types/react-dom':
        specifier: ^19.2.7
        version: 19.3.0(@types/react@19.3.0)
      '@vitejs/plugin-react':
        specifier: ^6.1.1
        version: 6.1.1(vite@8.3.1(@types/node@24.13.6)(jiti@2.7.0))
      oxlint:
        specifier: ^1.81.0
        version: 1.85.0
      tailwindcss:
        specifier: ^4.3.3
        version: 4.3.3
      typescript:
        specifier: ~6.0.2
        version: 6.0.3
      vite:
        specifier: ^8.3.0
        version: 8.3.1(@types/node@24.13.6)(jiti@2.7.0)
      vitest:
        specifier: ^5.0.1
        version: 5.0.1(@types/node@24.13.6)(vite@8.3.1(@types/node@24.13.6)(jiti@2.7.0))

packages:

  '@jridgewell/gen-mapping@0.3.13':
    resolution: {integrity: sha512-2kkt/7niJ6MgEPxF0bYdQ6etZaA+fQvDcLKckhy1yIQOzaoKjBBjSj63/aLVjYE3qhRt5dvM+uUyfCg6UKCBbA==}

  '@jridgewell/remapping@2.3.5':
    resolution: {integrity: sha512-LI9u/+laYG4Ds1TDKSJW2YPrIlcVYOwi2fUC6xB43lueCjgxV4lffOCZCtYFiH6TNOX+tQKXx97T4IKHbhyHEQ==}

  '@jridgewell/resolve-uri@3.1.2':
    resolution: {integrity: sha512-bRISgCIjP20/tbWSPWMEi54QVPRZExkuD9lJL+UIxUKtwVJA8wW1Trb1jMs1RFXo1CBTNZ/5hpC9QvmKWdopKw==}
    engines: {node: '>=6.0.0'}

  '@jridgewell/sourcemap-codec@1.6.0':
    resolution: {integrity: sha512-T7jf+5zgsZHwNJ4lvQ7/aezbyk0nNX+zJVWpmHA7VYsEx7a7qr5Rg5IbtJFqkgze5Y2sruq1RUY8Q837Od7iFw==}

  '@jridgewell/trace-mapping@0.3.31':
    resolution: {integrity: sha512-zzNR+SdQSDJzc8joaeP8QQoCQr8NuYx2dIIytl1QeBEZHJ9uW6hebsrYgbz8hJwUQao3TWCMtmfV8Nu1twOLAw==}

  '@oxc-project/types@0.151.0':
    resolution: {integrity: sha512-J1yXrIlNDZVzE3ada310xeAw7nH8yCAyLPuUIsjKatFPmfn5bS1oW+cM+QsGOtVWd5nhSpbwZWx/rue+r5Z+PA==}

  '@oxlint/binding-android-arm-eabi@1.85.0':
    resolution: {integrity: sha512-q2KO/Zso9UT+OMn0NF9ywn4E4t0MI3yxiDhNyhsQ7DyQJrC4FhFE4TXOi4bktFnOWXTMds8qZSbpv2XwRaNOBg==}
    engines: {node: ^20.19.0 || >=22.12.0}
    cpu: [arm]
    os: [android]

  '@oxlint/binding-android-arm64@1.85.0':
    resolution: {integrity: sha512-SxLN3ALjoT9NNdvpjEevGeHvfzTAFrF0NBYB5tzK7/GtCKMze3j1e/m/X2ozqGj2U9hfGG/dg/OG8vpVK4PiDA==}
    engines: {node: ^20.19.0 || >=22.12.0}
    cpu: [arm64]
    os: [android]

  '@oxlint/binding-darwin-arm64@1.85.0':
    resolution: {integrity: sha512-Y/Sup/J4f0f9UGsSd/xyCNTeWL+gepO63GBdEDAfue9nBsnk9zMmnIXx1O6b1V8C90vB5nucYNZ0pbMXAp8zJA==}
    engines: {node: ^20.19.0 || >=22.12.0}
    cpu: [arm64]
    os: [darwin]

  '@oxlint/binding-darwin-x64@1.85.0':
    resolution: {integrity: sha512-ApOSNC04ynpDTwvBD+//0wyfODRSbEzvRoKpX8teffmc27z8AockwSNeMXGJXn5KP85eahDgR/2llICWLkzcnw==}
    engines: {node: ^20.19.0 || >=22.12.0}
    cpu: [x64]
    os: [darwin]

  '@oxlint/binding-freebsd-x64@1.85.0':
    resolution: {integrity: sha512-bNrVrCOA/kHky3Tu79IXWXe5bhIgLXfUuUEDHlAGOHUk96MkvDZ1ecaQF19rwstrnaqfP1o9nBTqzIr9+ZHkUg==}
    engines: {node: ^20.19.0 || >=22.12.0}
    cpu: [x64]
    os: [freebsd]

  '@oxlint/binding-linux-arm-gnueabihf@1.85.0':
    resolution: {integrity: sha512-NUrzOJ1s/EqsVvfn2L/1D8Wro2LPIZUbihL8kOJLh5fEdGEN3rdOGUYq3HwnUIL8sjpoP+4N6RaGrgmMJnaMPw==}
    engines: {node: ^20.19.0 || >=22.12.0}
    cpu: [arm]
    os: [linux]

  '@oxlint/binding-linux-arm-musleabihf@1.85.0':
    resolution: {integrity: sha512-UJXrAT3E/RWkEqXLIs2ehETja1qfgkPb+5gwLIIS+o/6cf+grHvoOXTa5997a/YNQfcJS0DRBTOfZt95cvOI1g==}
    engines: {node: ^20.19.0 || >=22.12.0}
    cpu: [arm]
    os: [linux]

  '@oxlint/binding-linux-arm64-gnu@1.85.0':
    resolution: {integrity: sha512-lK40QLjI0HxigO7CjDDshEtfYIeiYS0020v5BHFPqN4uuQBQxd2K9LNom2dW15o9F1937quSCRVp4ZsVhdbYdg==}
    engines: {node: ^20.19.0 || >=22.12.0}
    cpu: [arm64]
    os: [linux]
    libc: [glibc]

  '@oxlint/binding-linux-arm64-musl@1.85.0':
    resolution: {integrity: sha512-c2zbdBwGKreHXwRx3gWBuFGJxLhxgsg6YlZ+3H+RgRusU/UEV9jNwJ3HGYK+nRo0LvBa7mt6Kj86xoVotUo8cw==}
    engines: {node: ^20.19.0 || >=22.12.0}
    cpu: [arm64]
    os: [linux]
    libc: [musl]

  '@oxlint/binding-linux-ppc64-gnu@1.85.0':
    resolution: {integrity: sha512-tlt/Hy8lZ97/lCPmCgw/B3k/mwh+BzaIPbPkldZEly7TwLmx0xe2CQcaW2g/rR0dOgS9JNGCZsMEqLhUNMGvaw==}
    engines: {node: ^20.19.0 || >=22.12.0}
    cpu: [ppc64]
    os: [linux]
    libc: [glibc]

  '@oxlint/binding-linux-riscv64-gnu@1.85.0':
    resolution: {integrity: sha512-3tNR9Xey82X0zKuY1d8hJ6Rc9gwRDurmqGLnQZa5xqOXy8/YyiqFXjAtugkKLY82obOlpK1eSiDRlgcNPuxtIg==}
    engines: {node: ^20.19.0 || >=22.12.0}
    cpu: [riscv64]
    os: [linux]
    libc: [glibc]

  '@oxlint/binding-linux-riscv64-musl@1.85.0':
    resolution: {integrity: sha512-wbGRd5PqCcjkJFHhZuZ2OBSUQY9czlQsoA/cQQB9JK/L9mC5MQgGoKAh+xd8QjA5V+0D3j+Qd1lAWn1I8zlelA==}
    engines: {node: ^20.19.0 || >=22.12.0}
    cpu: [riscv64]
    os: [linux]
    libc: [musl]

  '@oxlint/binding-linux-s390x-gnu@1.85.0':
    resolution: {integrity: sha512-3Sn0kSrE4DPZCWV/8o+n4x3aFZxI9ulMnkYlwCbJ8eUVkwRK2IerohE/A/z3SNbCwoPFOCJmGE5Avrq0rrvdvQ==}
    engines: {node: ^20.19.0 || >=22.12.0}
    cpu: [s390x]
    os: [linux]
    libc: [glibc]

  '@oxlint/binding-linux-x64-gnu@1.85.0':
    resolution: {integrity: sha512-JY2pxxYfB62bAGfejljVCqc44etItehPuAyaeSAdMuEMtwNA00ggMnS66lC1oIhos6oOXUkuU6mZ9bpFh3BqWg==}
    engines: {node: ^20.19.0 || >=22.12.0}
    cpu: [x64]
    os: [linux]
    libc: [glibc]

  '@oxlint/binding-linux-x64-musl@1.85.0':
    resolution: {integrity: sha512-5k74vZ6qJBjBHEOlBk9B/iv68Yu0F1Afw/vvT2ar6OGCqEeXLaSjXz2n/IPCbhLG22UoKoYEJTzpYraRdcp6PA==}
    engines: {node: ^20.19.0 || >=22.12.0}
    cpu: [x64]
    os: [linux]
    libc: [musl]

  '@oxlint/binding-openharmony-arm64@1.85.0':
    resolution: {integrity: sha512-GbAl5qt5TCkPLXTaIISZJnugrcBhra6rodcXc9jYt620UtdsTt71NlNmJmm0frxzFpd54x/G+MkitEJA8I/BoA==}
    engines: {node: ^20.19.0 || >=22.12.0}
    cpu: [arm64]
    os: [openharmony]

  '@oxlint/binding-win32-arm64-msvc@1.85.0':
    resolution: {integrity: sha512-kjmws5MK0et2swk4ND85D7NVQyDHw162i6whtZDLUA/lo6FQyBZDcmMRCMcVZcNrAhIaftVb00x9ChGDOjjNJA==}
    engines: {node: ^20.19.0 || >=22.12.0}
    cpu: [arm64]
    os: [win32]

  '@oxlint/binding-win32-ia32-msvc@1.85.0':
    resolution: {integrity: sha512-eSsIJx9n4yxvOqYTZyPEMyEXRmE60XH7xGAU7i0Qbsn1lf6Za3CWJ9aRd82oSFKXaxhp+sA6/yMJVRIpLpna6A==}
    engines: {node: ^20.19.0 || >=22.12.0}
    cpu: [ia32]
    os: [win32]

  '@oxlint/binding-win32-x64-msvc@1.85.0':
    resolution: {integrity: sha512-pBebIPUpKKhWrhSMWhy8TdAZBewiXnfxmaAGxhzxM1068GagqFaTwgKlU6e+UyJ2sPR+VoHouhXuGJkQjsrDvA==}
    engines: {node: ^20.19.0 || >=22.12.0}
    cpu: [x64]
    os: [win32]

  '@rolldown/binding-android-arm-eabi@1.2.11':
    resolution: {integrity: sha512-A5kXfGKvKWWZE0TtPrfsvT+q4Y5d1QG8gGUzpYjGydM+fARM9MuX90PrXYXe0XbsDVgyxxNzHo6giCj90bsFNw==}
    engines: {node: ^20.19.0 || >=22.12.0}
    cpu: [arm]
    os: [android]

  '@rolldown/binding-android-arm64@1.2.11':
    resolution: {integrity: sha512-z6cTycz+iJ4PVkuL4HHW4DfTfoeU/2nqYYuSOrTmH7yHK5Y0LCOnA03V4ZNxavyVaU1oOqUgIg2klN/s+USGOA==}
    engines: {node: ^20.19.0 || >=22.12.0}
    cpu: [arm64]
    os: [android]

  '@rolldown/binding-darwin-arm64@1.2.11':
    resolution: {integrity: sha512-jShvqNtP6vDC6/A5JOAzbVV+DkgHqhl/ScVCJEbt+TUY6QYz7YnXcrg3sLtFBniro0f/Ld50ZwCWA6f7KYD1nQ==}
    engines: {node: ^20.19.0 || >=22.12.0}
    cpu: [arm64]
    os: [darwin]

  '@rolldown/binding-darwin-x64@1.2.11':
    resolution: {integrity: sha512-f2i2xiNWq1Z1l2++q2fuhZRdLAT3aqxD6vRNm1RAxpUoBcdqNB3C0s1Bt+K+PbEx2F5F4gQp6hqKkphCY/xF9w==}
    engines: {node: ^20.19.0 || >=22.12.0}
    cpu: [x64]
    os: [darwin]

  '@rolldown/binding-freebsd-x64@1.2.11':
    resolution: {integrity: sha512-4Ir5FSOKIAMr4r0kExpt1s3bMgzJU3rA45AYOHtQpls0oNeqcYBKrWMlckrYH4KCfGLfkfn1tN1dmZPMVsdXow==}
    engines: {node: ^20.19.0 || >=22.12.0}
    cpu: [x64]
    os: [freebsd]

  '@rolldown/binding-linux-arm-gnueabihf@1.2.11':
    resolution: {integrity: sha512-/gnRDM+39BROzAN/k1OZjDPnDMcZxB/0EUxKjONO5yVkNEvlsoMDrxGNKgZi/ttFriS2gwlDNzB65pvNbFOXIQ==}
    engines: {node: ^20.19.0 || >=22.12.0}
    cpu: [arm]
    os: [linux]

  '@rolldown/binding-linux-arm64-gnu@1.2.11':
    resolution: {integrity: sha512-PFaK8HwvAHbaKbBcDNQihjMKYvFnA5hiENx/l5tphTDz1E0WFp32l0A7aq7lyUwGsRw/xSrNIy/gIK4thrSCrw==}
    engines: {node: ^20.19.0 || >=22.12.0}
    cpu: [arm64]
    os: [linux]
    libc: [glibc]

  '@rolldown/binding-linux-arm64-musl@1.2.11':
    resolution: {integrity: sha512-AskzJUIKRLPxkruR1wLKewGbOw+EYfU/9lOrBFj4AFrEA8hPpKFnODWNu2WLaNs0QNkEb9QIJufmVZZIL/bJlg==}
    engines: {node: ^20.19.0 || >=22.12.0}
    cpu: [arm64]
    os: [linux]
    libc: [musl]

  '@rolldown/binding-linux-ppc64-gnu@1.2.11':
    resolution: {integrity: sha512-qlUGAheh2yh8afH7QBgx0PrRHN85hKnNd78x8MeMhXivuevgd8vgf6/CstOzmNKY/lLTHvNTrPy98cLnAugzJw==}
    engines: {node: ^20.19.0 || >=22.12.0}
    cpu: [ppc64]
    os: [linux]
    libc: [glibc]

  '@rolldown/binding-linux-s390x-gnu@1.2.11':
    resolution: {integrity: sha512-secpEad+0vCbSfn8upFySkDskv+bGPk3THSDS9Y89yc4rb4kzqHp8Dmyd9BkQW4SnhNXBZCl/6CrO//hZahNJQ==}
    engines: {node: ^20.19.0 || >=22.12.0}
    cpu: [s390x]
    os: [linux]
    libc: [glibc]

  '@rolldown/binding-linux-x64-gnu@1.2.11':
    resolution: {integrity: sha512-mOVBT3dPpkWm8XBWPmU4bf+U6dYDLeMo/9ojUmis4N0L5uu10qra5vOyngZ7/PSdoE4G9KvRt4bloRxNjLas7A==}
    engines: {node: ^20.19.0 || >=22.12.0}
    cpu: [x64]
    os: [linux]
    libc: [glibc]

  '@rolldown/binding-linux-x64-musl@1.2.11':
    resolution: {integrity: sha512-Is78i9A8Ui4SqcxUwFJ9uMmjDn58IbVTjFWYdQestFEgeuEmHMLGNriXnVJKkwG2YiZjw8cP0zCTyDMdDGtOOg==}
    engines: {node: ^20.19.0 || >=22.12.0}
    cpu: [x64]
    os: [linux]
    libc: [musl]

  '@rolldown/binding-openharmony-arm64@1.2.11':
    resolution: {integrity: sha512-dUCXneZ87INUMyQ0D+C0HrEBNUPNXHaPmU5GTjyKTJEiussw9Kaj5Ln8UztPe4epV/ffvgNBEadksdYhmW6xJA==}
    engines: {node: ^20.19.0 || >=22.12.0}
    cpu: [arm64]
    os: [openharmony]

  '@rolldown/binding-win32-arm64-msvc@1.2.11':
    resolution: {integrity: sha512-jByxb6qfd+bH1xUd0qnfFnb17i9sWBPY2tOavJ0l3tdr3OTu+Kvtm8cd/JV5nFt657b1VqGltxg9olOEfofXWw==}
    engines: {node: ^20.19.0 || >=22.12.0}
    cpu: [arm64]
    os: [win32]

  '@rolldown/binding-win32-x64-msvc@1.2.11':
    resolution: {integrity: sha512-/PzKqzAJ03i19oy2ItPvyvaVjOjBCNnfaJs8yvUdGBKmiESgnrJSQ2awd81QzFbbnAmu7YO9ZnJrDCb9VSJPRA==}
    engines: {node: ^20.19.0 || >=22.12.0}
    cpu: [x64]
    os: [win32]

  '@rolldown/pluginutils@1.0.1':
    resolution: {integrity: sha512-2j9bGt5Jh8hj+vPtgzPtl72j0yRxHAyumoo6TNfAjsLB04UtpSvPbPcDcBMxz7n+9CYB0c1GxQFxYRg2jimqGw==}

  '@supabase/auth-js@2.117.1':
    resolution: {integrity: sha512-3vJpc5thxaovbZ2zrWagzp/ZtCcXpQk1xftinzneNB1XLdhAmjqChOnj2Y8wpriYEFVvlqC+sFbR0JBUi83hDA==}
    engines: {node: '>=22.0.0'}

  '@supabase/functions-js@2.117.1':
    resolution: {integrity: sha512-yyMIbEPMDXmjpjWe7WKd7en3mn6q4eDGLHEQVPcqWQIyC1hC7xa3po+o4cWSyItI6a6GYY/voDUpwhZmkxjcPw==}
    engines: {node: '>=22.0.0'}

  '@supabase/phoenix@0.4.5':
    resolution: {integrity: sha512-aAn9H9ovVyeApKy11OWOrrOGq8DV68yWeH4ud2lN9fzn4aO8Zb5GLL9m1pUg9nLqIcT+ZDfAcsZe0E/nqdv2lw==}

  '@supabase/postgrest-js@2.117.1':
    resolution: {integrity: sha512-2a7we4uKXA1d94CUc02MpUj+LzZWO3qm8fH2PDq60tVt0T6KQTIiMmEsRD53lrnwZA9C3SsaKL3mk4DiDH6GvQ==}
    engines: {node: '>=22.0.0'}

  '@supabase/realtime-js@2.117.1':
    resolution: {integrity: sha512-GkbZfeh5F5aqnUhG1chrdaVQmnRK8ZUL8H16Km/eVVsX99x0w2AijfxjONCB9YKgrXArcnMsKSJzOIQGCv+qvQ==}
    engines: {node: '>=22.0.0'}

  '@supabase/storage-js@2.117.1':
    resolution: {integrity: sha512-ytDQbELKKzIVStLkShxTTK5FT4vds12eXF5QfW+gTHVvO7cB3VKZ7Hu2wkUaJlDZCaUfFdih3vznF6P8kNkJQg==}
    engines: {node: '>=22.0.0'}

  '@supabase/supabase-js@2.117.1':
    resolution: {integrity: sha512-VcyiuXF0jZFbN4GcHtytSGNwfXnRJwlxjGFZxeEmRVgSLSbaoHk2Avyg49/aEdTJGBSz5vK1L7uhYiYdfl0Axw==}
    engines: {node: '>=22.0.0'}
    peerDependencies:
      '@opentelemetry/api': '>=1.0.0'
    peerDependenciesMeta:
      '@opentelemetry/api':
        optional: true

  '@tailwindcss/node@4.3.3':
    resolution: {integrity: sha512-/T8IKEsf9VTU6tLjgC7+sv2mOPtQxzE2jMw7u4Tt40Tx+QSZxpzh95/H6cMKoja9XuW7iMdLJYBB0o9G1CaAgg==}

  '@tailwindcss/oxide-android-arm64@4.3.3':
    resolution: {integrity: sha512-Y85A2gmPSkl5Ve5qR86GL4HT509cFqQh1aes9p3sSkyTPwt0Pppf3GkwGe4JPACcRYjgJIEhQgM6dBClnr0NYw==}
    engines: {node: '>= 20'}
    cpu: [arm64]
    os: [android]

  '@tailwindcss/oxide-darwin-arm64@4.3.3':
    resolution: {integrity: sha512-BiaWatpBcERQFDlOjRDpIVXuFK5PJez5SA4JMg6VYZdBYU+qKfV/vqjcIs+IYmtitf1xYQZTwXvU/8y4lfZUGw==}
    engines: {node: '>= 20'}
    cpu: [arm64]
    os: [darwin]

  '@tailwindcss/oxide-darwin-x64@4.3.3':
    resolution: {integrity: sha512-fAeUqfV5ndhxRwai8cXGzdLvul9utWOmeTkv69unv4ZXixjn61Z+p9lCWdwOwA3TYboG3BwdVuN/RDjhBRl0mw==}
    engines: {node: '>= 20'}
    cpu: [x64]
    os: [darwin]

  '@tailwindcss/oxide-freebsd-x64@4.3.3':
    resolution: {integrity: sha512-iyf5bV6+wnAlflVeEy7R25dupxTNECZN5QMI0qNT6eT+EgaGdZcKhGkr5SdoaWiLJ3spLqIY9VCeSGrwmtg4kw==}
    engines: {node: '>= 20'}
    cpu: [x64]
    os: [freebsd]

  '@tailwindcss/oxide-linux-arm-gnueabihf@4.3.3':
    resolution: {integrity: sha512-aAYUprJAJQWWbRrPvtjdroZ56Md+JM8pMiopS6xGEwDfLhqj+2ver2p4nU4Mb3CRqcMmNBjo8KkUgcxhkzVQGQ==}
    engines: {node: '>= 20'}
    cpu: [arm]
    os: [linux]

  '@tailwindcss/oxide-linux-arm64-gnu@4.3.3':
    resolution: {integrity: sha512-nDxldcEENOxZRzC2uu9jrutZdAAQtb+8WWDCSnWL1zvBk1+FN+x6MtDViPB5AJMfttVCUhehGWus3XBPgatM/w==}
    engines: {node: '>= 20'}
    cpu: [arm64]
    os: [linux]
    libc: [glibc]

  '@tailwindcss/oxide-linux-arm64-musl@4.3.3':
    resolution: {integrity: sha512-Md44bD6veX/PC5iyF8cDVnw4HBIANZepRZZ7a8DQOvkfo5WUBwcp6iAuCUz23u+4SUkhJlD3eL7hNdW8ezd/kA==}
    engines: {node: '>= 20'}
    cpu: [arm64]
    os: [linux]
    libc: [musl]

  '@tailwindcss/oxide-linux-x64-gnu@4.3.3':
    resolution: {integrity: sha512-tx7us1muwOKAKWao2v/GaafFeQboE6aj88vC6ziN2NCGcRm8gWUhwjzg+YdVB1e4boAtdtma4L43onunI6NS4w==}
    engines: {node: '>= 20'}
    cpu: [x64]
    os: [linux]
    libc: [glibc]

  '@tailwindcss/oxide-linux-x64-musl@4.3.3':
    resolution: {integrity: sha512-SJxX60smvHgasZoBy11dX6YRjXJFovwWBoedhbQPOBzgFWBHGB+TVPWB9BxzR7TTxU8FQZAI2AyiNCMzFm8Img==}
    engines: {node: '>= 20'}
    cpu: [x64]
    os: [linux]
    libc: [musl]

  '@tailwindcss/oxide-wasm32-wasi@4.3.3':
    resolution: {integrity: sha512-jx1+rPhY/5Ympkktd656HBWEBLxP7dH06losBLjjf5vgCODXvi9KhtftWcMIwTFIDqBr7cRnQkdLnAG+IOlGvQ==}
    engines: {node: '>=14.0.0'}
    cpu: [wasm32]
    bundledDependencies:
      - '@napi-rs/wasm-runtime'
      - '@emnapi/core'
      - '@emnapi/runtime'
      - '@tybys/wasm-util'
      - '@emnapi/wasi-threads'
      - tslib

  '@tailwindcss/oxide-win32-arm64-msvc@4.3.3':
    resolution: {integrity: sha512-3rc292Ca2ceK6Ulcc/bAVnTs/3nDtoPhyEKlgPv+yQJQi/JS/AMJlqzxvlDacL1nekbrcf6bTqp/jV4qgnPxNQ==}
    engines: {node: '>= 20'}
    cpu: [arm64]
    os: [win32]

  '@tailwindcss/oxide-win32-x64-msvc@4.3.3':
    resolution: {integrity: sha512-yJ0pwIVc/nYeGoV02WtsN8KYyLQv7kyI2wDnkezyJlGGjkd4QLwDGAwl47YpPJeuI0M0ObaXGSPjvWDPeTPggw==}
    engines: {node: '>= 20'}
    cpu: [x64]
    os: [win32]

  '@tailwindcss/oxide@4.3.3':
    resolution: {integrity: sha512-krXjAikiaFSPaK/FkAQT5UTx3VormQaiZ5hBFlJZ9UFQGB/rwg1MZIhHAG9smMQRTdyJxP6Qt5MwMtdyU5FWrA==}
    engines: {node: '>= 20'}

  '@tailwindcss/vite@4.3.3':
    resolution: {integrity: sha512-yYU8cogLeSh/ms2jh8Fj7jaba/EWa7Ja6GoUqYZaraEuCI5YS6ms6ObZgjjedm+jm6XZjdNRWBpPP6Z86oOxcw==}
    peerDependencies:
      vite: ^5.2.0 || ^6 || ^7 || ^8

  '@types/chai@5.2.3':
    resolution: {integrity: sha512-Mw558oeA9fFbv65/y4mHtXDs9bPnFMZAL/jxdPFUpOHHIXX91mcgEHbS5Lahr+pwZFR8A7GQleRWeI6cGFC2UA==}

  '@types/deep-eql@4.0.2':
    resolution: {integrity: sha512-c9h9dVVMigMPc4bwTvC5dxqtqJZwQPePsWjPlpSOnojbor6pGqdk541lfA7AqFQr5pB1BRdq0juY9db81BwyFw==}

  '@types/estree@1.0.9':
    resolution: {integrity: sha512-GhdPgy1el4/ImP05X05Uw4cw2/M93BCUmnEvWZNStlCzEKME4Fkk+YpoA5OiHNQmoS7Cafb8Xa3Pya8m1Qrzeg==}

  '@types/node@24.13.6':
    resolution: {integrity: sha512-SGrw/h3KPFshy3OE6ZL53LMBG5vGQQ8/gIpiqz/kRZhPJ7HgwCEs8LBuNtWLa8dvGZVpSF7+Bf+c11HUrCb/yg==}

  '@types/react-dom@19.3.0':
    resolution: {integrity: sha512-ZI7bU42mZXXKHn/qNLEw2IrbiINU7X5+vfgdixBHkCNpYWXjKgfQ/P+uyGb5CjOLB9UcnTeg3rylQtV2hym44Q==}
    peerDependencies:
      '@types/react': ^19.3.0

  '@types/react@19.3.0':
    resolution: {integrity: sha512-N0rFCuH9YoxG9/m61l9MfpJKfmLOVU0em7ipIz6TRgSSkvReLB9vL85GB+yr8Bs5leqpvg96JSwF4ZS1s4viQg==}

  '@vitejs/plugin-react@6.1.1':
    resolution: {integrity: sha512-yxLaQV9gkhS8ezJqCM6+ndU7mDY6gqAg75NQ+0IjwEI8IYOmQCgkRwHKVSfWXW076DsqMo0Dk+0FK1U+M5RgFw==}
    engines: {node: ^20.19.0 || >=22.12.0}
    peerDependencies:
      '@rolldown/plugin-babel': ^0.1.7 || ^0.2.0
      babel-plugin-react-compiler: ^1.0.0
      oxc-transform-react: ^0.145.0
      vite: ^8.0.0
    peerDependenciesMeta:
      '@rolldown/plugin-babel':
        optional: true
      babel-plugin-react-compiler:
        optional: true
      oxc-transform-react:
        optional: true

  '@vitest/mocker@5.0.1':
    resolution: {integrity: sha512-6K1DoBNAPGvuOcSsGA4D6x+5zEEff/KmOOP3uetT2TrGpVfI+HRHRnJJfKi5ib/g1vx8IYHQD8s0pbJz8WQI7Q==}
    peerDependencies:
      msw: ^2.4.9
      vite: ^6.0.0 || ^7.0.0 || ^8.0.0
    peerDependenciesMeta:
      msw:
        optional: true
      vite:
        optional: true

  '@vitest/spy@5.0.1':
    resolution: {integrity: sha512-rbto/mF/SGERxEgYOek7Xm6B9b+y+mVoo+f4b2LymYO8zM1b7uB5nHuhVMTP2hxdzgxvGiZYGxGIaMvL5y180Q==}

  assertion-error@2.0.1:
