name: Assemble pnpm-lock
on:
  workflow_dispatch:
jobs:
  assemble:
    runs-on: ubuntu-latest
    permissions:
      contents: write
    steps:
      - uses: actions/checkout@v4
        with:
          ref: cursor/sign-in-supabase-e858
      - name: Assemble lockfile from parts
        run: |
          set -euo pipefail
          : > pnpm-lock.yaml
          for f in $(ls lock-parts/*.part | sort); do
            cat "$f" >> pnpm-lock.yaml
          done
          wc -c pnpm-lock.yaml
          md5sum pnpm-lock.yaml
          test "$(wc -c < pnpm-lock.yaml)" -eq 46791
          test "$(md5sum pnpm-lock.yaml | awk '{print $1}')" = "e653e38eef2d10073c8bfd5dd6c6c207"
      - name: Commit and push
        run: |
          git config user.name "github-actions[bot]"
          git config user.email "41898282+github-actions[bot]@users.noreply.github.com"
          git add pnpm-lock.yaml
          git commit -m "fix: restore complete pnpm-lock.yaml for @supabase/supabase-js"
          git push origin HEAD:cursor/sign-in-supabase-e858
